
Microsoft Visual Studio Solution File, Format Version 12.00
# Visual Studio Version 17
VisualStudioVersion = 17.12.35707.178
MinimumVisualStudioVersion = 10.0.40219.1
Project("{FAE04EC0-301F-11D3-BF4B-00C04F79EFBC}") = "SpectrumVisualizer", "SprctrumVisualizer\SpectrumVisualizer.csproj", "{A7A1EDA2-78BF-4065-B37D-8E5BDDF99BAA}"
EndProject
Project("{FAE04EC0-301F-11D3-BF4B-00C04F79EFBC}") = "SpectrumVisualizer.Uart", "SpectrumVisualizer.Uart\SpectrumVisualizer.Uart.csproj", "{83B4A9BB-4785-48ED-8B97-877EA9804EBA}"
EndProject
Project("{FAE04EC0-301F-11D3-BF4B-00C04F79EFBC}") = "SpectrumVisualizer.Tests", "SpectrumVisualizer.Tests\SpectrumVisualizer.Tests.csproj", "{1E16ED40-F0BC-4D05-B40D-EADCE3F86E84}"
EndProject
Global
	GlobalSection(SolutionConfigurationPlatforms) = preSolution
		Debug|Any CPU = Debug|Any CPU
		Release|Any CPU = Release|Any CPU
	EndGlobalSection
	GlobalSection(ProjectConfigurationPlatforms) = postSolution
		{A7A1EDA2-78BF-4065-B37D-8E5BDDF99BAA}.Debug|Any CPU.ActiveCfg = Debug|Any CPU
		{A7A1EDA2-78BF-4065-B37D-8E5BDDF99BAA}.Debug|Any CPU.Build.0 = Debug|Any CPU
		{A7A1EDA2-78BF-4065-B37D-8E5BDDF99BAA}.Release|Any CPU.ActiveCfg = Release|Any CPU
		{A7A1EDA2-78BF-4065-B37D-8E5BDDF99BAA}.Release|Any CPU.Build.0 = Release|Any CPU
		{83B4A9BB-4785-48ED-8B97-877EA9804EBA}.Debug|Any CPU.ActiveCfg = Debug|Any CPU
		{83B4A9BB-4785-48ED-8B97-877EA9804EBA}.Debug|Any CPU.Build.0 = Debug|Any CPU
		{83B4A9BB-4785-48ED-8B97-877EA9804EBA}.Release|Any CPU.ActiveCfg = Release|Any CPU
		{83B4A9BB-4785-48ED-8B97-877EA9804EBA}.Release|Any CPU.Build.0 = Release|Any CPU
		{1E16ED40-F0BC-4D05-B40D-EADCE3F86E84}.Debug|Any CPU.ActiveCfg = Debug|Any CPU
		{1E16ED40-F0BC-4D05-B40D-EADCE3F86E84}.Debug|Any CPU.Build.0 = Debug|Any CPU
		{1E16ED40-F0BC-4D05-B40D-EADCE3F86E84}.Release|Any CPU.ActiveCfg = Release|Any CPU
		{1E16ED40-F0BC-4D05-B40D-EADCE3F86E84}.Release|Any CPU.Build.0 = Release|Any CPU
	EndGlobalSection
	GlobalSection(SolutionProperties) = preSolution
		HideSolutionNode = FALSE
	EndGlobalSection
EndGlobal
